
Microsoft Visual Studio Solution File, Format Version 12.00
# Visual Studio 15
VisualStudioVersion = 15.0.34526.175
MinimumVisualStudioVersion = 10.0.40219.1
Project("{FAE04EC0-301F-11D3-BF4B-00C04F79EFBC}") = "StudyfiedBackend", "StudyfiedBackend\StudyfiedBackend.csproj", "{605F17DD-391F-4348-A6A5-C4FD3202D488}"
EndProject
Project("{FAE04EC0-301F-11D3-BF4B-00C04F79EFBC}") = "StudyfiedBackendUnitTests", "StudyfiedBackendUnitTests\StudyfiedBackendUnitTests.csproj", "{CF7C19B7-2449-4D11-9E8D-A825F6710494}"
EndProject
Global
	GlobalSection(SolutionConfigurationPlatforms) = preSolution
		Debug|Any CPU = Debug|Any CPU
		Release|Any CPU = Release|Any CPU
	EndGlobalSection
	GlobalSection(ProjectConfigurationPlatforms) = postSolution
		{605F17DD-391F-4348-A6A5-C4FD3202D488}.Debug|Any CPU.ActiveCfg = Debug|Any CPU
		{605F17DD-391F-4348-A6A5-C4FD3202D488}.Debug|Any CPU.Build.0 = Debug|Any CPU
		{605F17DD-391F-4348-A6A5-C4FD3202D488}.Release|Any CPU.ActiveCfg = Release|Any CPU
		{605F17DD-391F-4348-A6A5-C4FD3202D488}.Release|Any CPU.Build.0 = Release|Any CPU
		{CF7C19B7-2449-4D11-9E8D-A825F6710494}.Debug|Any CPU.ActiveCfg = Debug|Any CPU
		{CF7C19B7-2449-4D11-9E8D-A825F6710494}.Debug|Any CPU.Build.0 = Debug|Any CPU
		{CF7C19B7-2449-4D11-9E8D-A825F6710494}.Release|Any CPU.ActiveCfg = Release|Any CPU
		{CF7C19B7-2449-4D11-9E8D-A825F6710494}.Release|Any CPU.Build.0 = Release|Any CPU
	EndGlobalSection
	GlobalSection(SolutionProperties) = preSolution
		HideSolutionNode = FALSE
	EndGlobalSection
	GlobalSection(ExtensibilityGlobals) = postSolution
		SolutionGuid = {74622A2C-4F7D-405F-BA23-5B0550700734}
	EndGlobalSection
EndGlobal
